// !$*UTF8*$!
{
	archiveVersion = 1;
	classes = {
	};
	objectVersion = 46;
	objects = {

/* Begin PBXBuildFile section */
		5D107C1E1E52796100FEFDC6 /* Player.m in Sources */ = {isa = PBXBuildFile; fileRef = 5D107C1D1E52796100FEFDC6 /* Player.m */; };
		5D107C211E52797900FEFDC6 /* GameModel.m in Sources */ = {isa = PBXBuildFile; fileRef = 5D107C201E52797900FEFDC6 /* GameModel.m */; };
		5DAEB69E1E526F6D004EFDD2 /* main.m in Sources */ = {isa = PBXBuildFile; fileRef = 5DAEB69D1E526F6D004EFDD2 /* main.m */; };
		5DAEB6A11E526F6D004EFDD2 /* AppDelegate.m in Sources */ = {isa = PBXBuildFile; fileRef = 5DAEB6A01E526F6D004EFDD2 /* AppDelegate.m */; };
		5DAEB6A41E526F6D004EFDD2 /* ViewController.m in Sources */ = {isa = PBXBuildFile; fileRef = 5DAEB6A31E526F6D004EFDD2 /* ViewController.m */; };
		5DAEB6A71E526F6D004EFDD2 /* Main.storyboard in Resources */ = {isa = PBXBuildFile; fileRef = 5DAEB6A51E526F6D004EFDD2 /* Main.storyboard */; };
		5DAEB6A91E526F6D004EFDD2 /* Assets.xcassets in Resources */ = {isa = PBXBuildFile; fileRef = 5DAEB6A81E526F6D004EFDD2 /* Assets.xcassets */; };
		5DAEB6AC1E526F6D004EFDD2 /* LaunchScreen.storyboard in Resources */ = {isa = PBXBuildFile; fileRef = 5DAEB6AA1E526F6D004EFDD2 /* LaunchScreen.storyboard */; };
/* End PBXBuildFile section */

/* Begin PBXFileReference section */
		5D107C1C1E52796100FEFDC6 /* Player.h */ = {isa = PBXFileReference; fileEncoding = 4; lastKnownFileType = sourcecode.c.h; path = Player.h; sourceTree = "<group>"; };
		5D107C1D1E52796100FEFDC6 /* Player.m */ = {isa = PBXFileReference; fileEncoding = 4; lastKnownFileType = sourcecode.c.objc; path = Player.m; sourceTree = "<group>"; };
		5D107C1F1E52797900FEFDC6 /* GameModel.h */ = {isa = PBXFileReference; fileEncoding = 4; lastKnownFileType = sourcecode.c.h; path = GameModel.h; sourceTree = "<group>"; };
		5D107C201E52797900FEFDC6 /* GameModel.m */ = {isa = PBXFileReference; fileEncoding = 4; lastKnownFileType = sourcecode.c.objc; path = GameModel.m; sourceTree = "<group>"; };
		5DAEB6991E526F6D004EFDD2 /* TwoPlayerMath.app */ = {isa = PBXFileReference; explicitFileType = wrapper.application; includeInIndex = 0; path = TwoPlayerMath.app; sourceTree = BUILT_PRODUCTS_DIR; };
		5DAEB69D1E526F6D004EFDD2 /* main.m */ = {isa = PBXFileReference; lastKnownFileType = sourcecode.c.objc; path = main.m; sourceTree = "<group>"; };
		5DAEB69F1E526F6D004EFDD2 /* AppDelegate.h */ = {isa = PBXFileReference; lastKnownFileType = sourcecode.c.h; path = AppDelegate.h; sourceTree = "<group>"; };
		5DAEB6A01E526F6D004EFDD2 /* AppDelegate.m */ = {isa = PBXFileReference; lastKnownFileType = sourcecode.c.objc; path = AppDelegate.m; sourceTree = "<group>"; };
		5DAEB6A21E526F6D004EFDD2 /* ViewController.h */ = {isa = PBXFileReference; lastKnownFileType = sourcecode.c.h; path = ViewController.h; sourceTree = "<group>"; };
		5DAEB6A31E526F6D004EFDD2 /* ViewController.m */ = {isa = PBXFileReference; lastKnownFileType = sourcecode.c.objc; path = ViewController.m; sourceTree = "<group>"; };
		5DAEB6A61E526F6D004EFDD2 /* Base */ = {isa = PBXFileReference; lastKnownFileType = file.storyboard; name = Base; path = Base.lproj/Main.storyboard; sourceTree = "<group>"; };
		5DAEB6A81E526F6D004EFDD2 /* Assets.xcassets */ = {isa = PBXFileReference; lastKnownFileType = folder.assetcatalog; path = Assets.xcassets; sourceTree = "<group>"; };
		5DAEB6AB1E526F6D004EFDD2 /* Base */ = {isa = PBXFileReference; lastKnownFileType = file.storyboard; name = Base; path = Base.lproj/LaunchScreen.storyboard; sourceTree = "<group>"; };
		5DAEB6AD1E526F6D004EFDD2 /* Info.plist */ = {isa = PBXFileReference; lastKnownFileType = text.plist.xml; path = Info.plist; sourceTree = "<group>"; };
/* End PBXFileReference section */

/* Begin PBXFrameworksBuildPhase section */
		5DAEB6961E526F6D004EFDD2 /* Frameworks */ = {
			isa = PBXFrameworksBuildPhase;
			buildActionMask = 2147483647;
			files = (
			);
			runOnlyForDeploymentPostprocessing = 0;
		};
/* End PBXFrameworksBuildPhase section */

/* Begin PBXGroup section */
		5DAEB6901E526F6D004EFDD2 = {
			isa = PBXGroup;
			children = (
				5DAEB69B1E526F6D004EFDD2 /* TwoPlayerMath */,
				5DAEB69A1E526F6D004EFDD2 /* Products */,
			);
			sourceTree = "<group>";
		};
		5DAEB69A1E526F6D004EFDD2 /* Products */ = {
			isa = PBXGroup;
			children = (
				5DAEB6991E526F6D004EFDD2 /* TwoPlayerMath.app */,
			);
			name = Products;
			sourceTree = "<group>";
		};
		5DAEB69B1E526F6D004EFDD2 /* TwoPlayerMath */ = {
			isa = PBXGroup;
			children = (
				5DAEB69F1E526F6D004EFDD2 /* AppDelegate.h */,
				5DAEB6A01E526F6D004EFDD2 /* AppDelegate.m */,
				5DAEB6A21E526F6D004EFDD2 /* ViewController.h */,
				5DAEB6A31E526F6D004EFDD2 /* ViewController.m */,
				5DAEB6A51E526F6D004EFDD2 /* Main.storyboard */,
				5D107C1C1E52796100FEFDC6 /* Player.h */,
				5D107C1D1E52796100FEFDC6 /* Player.m */,
				5D107C1F1E52797900FEFDC6 /* GameModel.h */,
				5D107C201E52797900FEFDC6 /* GameModel.m */,
				5DAEB6A81E526F6D004EFDD2 /* Assets.xcassets */,
				5DAEB6AA1E526F6D004EFDD2 /* LaunchScreen.storyboard */,
				5DAEB6AD1E526F6D004EFDD2 /* Info.plist */,
				5DAEB69C1E526F6D004EFDD2 /* Supporting Files */,
			);
			path = TwoPlayerMath;
			sourceTree = "<group>";
		};
		5DAEB69C1E526F6D004EFDD2 /* Supporting Files */ = {
			isa = PBXGroup;
			children = (
				5DAEB69D1E526F6D004EFDD2 /* main.m */,
			);
			name = "Supporting Files";
			sourceTree = "<group>";
		};
/* End PBXGroup section */

/* Begin PBXNativeTarget section */
		5DAEB6981E526F6D004EFDD2 /* TwoPlayerMath */ = {
			isa = PBXNativeTarget;
			buildConfigurationList = 5DAEB6B01E526F6D004EFDD2 /* Build configuration list for PBXNativeTarget "TwoPlayerMath" */;
			buildPhases = (
				5DAEB6951E526F6D004EFDD2 /* Sources */,
				5DAEB6961E526F6D004EFDD2 /* Frameworks */,
				5DAEB6971E526F6D004EFDD2 /* Resources */,
			);
			buildRules = (
			);
			dependencies = (
			);
			name = TwoPlayerMath;
			productName = TwoPlayerMath;
			productReference = 5DAEB6991E526F6D004EFDD2 /* TwoPlayerMath.app */;
			productType = "com.apple.product-type.application";
		};
/* End PBXNativeTarget section */

/* Begin PBXProject section */
		5DAEB6911E526F6D004EFDD2 /* Project object */ = {
			isa = PBXProject;
			attributes = {
				LastUpgradeCheck = 0820;
				ORGANIZATIONNAME = "Sofia Knezevic";
				TargetAttributes = {
					5DAEB6981E526F6D004EFDD2 = {
						CreatedOnToolsVersion = 8.2.1;
						ProvisioningStyle = Automatic;
					};
				};
			};
			buildConfigurationList = 5DAEB6941E526F6D004EFDD2 /* Build configuration list for PBXProject "TwoPlayerMath" */;
			compatibilityVersion = "Xcode 3.2";
			developmentRegion = English;
			hasScannedForEncodings = 0;
			knownRegions = (
				en,
				Base,
			);
			mainGroup = 5DAEB6901E526F6D004EFDD2;
			productRefGroup = 5DAEB69A1E526F6D004EFDD2 /* Products */;
			projectDirPath = "";
			projectRoot = "";
			targets = (
				5DAEB6981E526F6D004EFDD2 /* TwoPlayerMath */,
			);
		};
/* End PBXProject section */

/* Begin PBXResourcesBuildPhase section */
		5DAEB6971E526F6D004EFDD2 /* Resources */ = {
			isa = PBXResourcesBuildPhase;
			buildActionMask = 2147483647;
			files = (
				5DAEB6AC1E526F6D004EFDD2 /* LaunchScreen.storyboard in Resources */,
				5DAEB6A91E526F6D004EFDD2 /* Assets.xcassets in Resources */,
				5DAEB6A71E526F6D004EFDD2 /* Main.storyboard in Resources */,
			);
			runOnlyForDeploymentPostprocessing = 0;
		};
/* End PBXResourcesBuildPhase section */

/* Begin PBXSourcesBuildPhase section */
		5DAEB6951E526F6D004EFDD2 /* Sources */ = {
			isa = PBXSourcesBuildPhase;
			buildActionMask = 2147483647;
			files = (
				5D107C1E1E52796100FEFDC6 /* Player.m in Sources */,
				5DAEB6A41E526F6D004EFDD2 /* ViewController.m in Sources */,
				5D107C211E52797900FEFDC6 /* GameModel.m in Sources */,
				5DAEB6A11E526F6D004EFDD2 /* AppDelegate.m in Sources */,
				5DAEB69E1E526F6D004EFDD2 /* main.m in Sources */,
			);
			runOnlyForDeploymentPostprocessing = 0;
		};
/* End PBXSourcesBuildPhase section */

/* Begin PBXVariantGroup section */
		5DAEB6A51E526F6D004EFDD2 /* Main.storyboard */ = {
			isa = PBXVariantGroup;
			children = (
				5DAEB6A61E526F6D004EFDD2 /* Base */,
			);
			name = Main.storyboard;
			sourceTree = "<group>";
		};
		5DAEB6AA1E526F6D004EFDD2 /* LaunchScreen.storyboard */ = {
			isa = PBXVariantGroup;
			children = (
				5DAEB6AB1E526F6D004EFDD2 /* Base */,
			);
			name = LaunchScreen.storyboard;
			sourceTree = "<group>";
		};
/* End PBXVariantGroup section */

/* Begin XCBuildConfiguration section */
		5DAEB6AE1E526F6D004EFDD2 /* Debug */ = {
			isa = XCBuildConfiguration;
			buildSettings = {
				ALWAYS_SEARCH_USER_PATHS = NO;
				CLANG_ANALYZER_NONNULL = YES;
				CLANG_CXX_LANGUAGE_STANDARD = "gnu++0x";
				CLANG_CXX_LIBRARY = "libc++";
				CLANG_ENABLE_MODULES = YES;
				CLANG_ENABLE_OBJC_ARC = YES;
				CLANG_WARN_BOOL_CONVERSION = YES;
				CLANG_WARN_CONSTANT_CONVERSION = YES;
				CLANG_WARN_DIRECT_OBJC_ISA_USAGE = YES_ERROR;
				CLANG_WARN_DOCUMENTATION_COMMENTS = YES;
				CLANG_WARN_EMPTY_BODY = YES;
				CLANG_WARN_ENUM_CONVERSION = YES;
				CLANG_WARN_INFINITE_RECURSION = YES;
				CLANG_WARN_INT_CONVERSION = YES;
				CLANG_WARN_OBJC_ROOT_CLASS = YES_ERROR;
				CLANG_WARN_SUSPICIOUS_MOVE = YES;
				CLANG_WARN_UNREACHABLE_CODE = YES;
				CLANG_WARN__DUPLICATE_METHOD_MATCH = YES;
				"CODE_SIGN_IDENTITY[sdk=iphoneos*]" = "iPhone Developer";
				COPY_PHASE_STRIP = NO;
				DEBUG_INFORMATION_FORMAT = dwarf;
				ENABLE_STRICT_OBJC_MSGSEND = YES;
				ENABLE_TESTABILITY = YES;
				GCC_C_LANGUAGE_STANDARD = gnu99;
				GCC_DYNAMIC_NO_PIC = NO;
				GCC_NO_COMMON_BLOCKS = YES;
				GCC_OPTIMIZATION_LEVEL = 0;
				GCC_PREPROCESSOR_DEFINITIONS = (
					"DEBUG=1",
					"$(inherited)",
				);
				GCC_WARN_64_TO_32_BIT_CONVERSION = YES;
				GCC_WARN_ABOUT_RETURN_TYPE = YES_ERROR;
				GCC_WARN_UNDECLARED_SELECTOR = YES;
				GCC_WARN_UNINITIALIZED_AUTOS = YES_AGGRESSIVE;
				GCC_WARN_UNUSED_FUNCTION = YES;
				GCC_WARN_UNUSED_VARIABLE = YES;
				IPHONEOS_DEPLOYMENT_TARGET = 10.2;
				MTL_ENABLE_DEBUG_INFO = YES;
				ONLY_ACTIVE_ARCH = YES;
				SDKROOT = iphoneos;
			};
			name = Debug;
		};
		5DAEB6AF1E526F6D004EFDD2 /* Release */ = {
			isa = XCBuildConfiguration;
			buildSettings = {
				ALWAYS_SEARCH_USER_PATHS = NO;
				CLANG_ANALYZER_NONNULL = YES;
				CLANG_CXX_LANGUAGE_STANDARD = "gnu++0x";
				CLANG_CXX_LIBRARY = "libc++";
				CLANG_ENABLE_MODULES = YES;
				CLANG_ENABLE_OBJC_ARC = YES;
				CLANG_WARN_BOOL_CONVERSION = YES;
				CLANG_WARN_CONSTANT_CONVERSION = YES;
				CLANG_WARN_DIRECT_OBJC_ISA_USAGE = YES_ERROR;
				CLANG_WARN_DOCUMENTATION_COMMENTS = YES;
				CLANG_WARN_EMPTY_BODY = YES;
				CLANG_WARN_ENUM_CONVERSION = YES;
				CLANG_WARN_INFINITE_RECURSION = YES;
				CLANG_WARN_INT_CONVERSION = YES;
				CLANG_WARN_OBJC_ROOT_CLASS = YES_ERROR;
				CLANG_WARN_SUSPICIOUS_MOVE = YES;
				CLANG_WARN_UNREACHABLE_CODE = YES;
				CLANG_WARN__DUPLICATE_METHOD_MATCH = YES;
				"CODE_SIGN_IDENTITY[sdk=iphoneos*]" = "iPhone Developer";
				COPY_PHASE_STRIP = NO;
				DEBUG_INFORMATION_FORMAT = "dwarf-with-dsym";
				ENABLE_NS_ASSERTIONS = NO;
				ENABLE_STRICT_OBJC_MSGSEND = YES;
				GCC_C_LANGUAGE_STANDARD = gnu99;
				GCC_NO_COMMON_BLOCKS = YES;
				GCC_WARN_64_TO_32_BIT_CONVERSION = YES;
				GCC_WARN_ABOUT_RETURN_TYPE = YES_ERROR;
				GCC_WARN_UNDECLARED_SELECTOR = YES;
				GCC_WARN_UNINITIALIZED_AUTOS = YES_AGGRESSIVE;
				GCC_WARN_UNUSED_FUNCTION = YES;
				GCC_WARN_UNUSED_VARIABLE = YES;
				IPHONEOS_DEPLOYMENT_TARGET = 10.2;
				MTL_ENABLE_DEBUG_INFO = NO;
				SDKROOT = iphoneos;
				VALIDATE_PRODUCT = YES;
			};
			name = Release;
		};
		5DAEB6B11E526F6D004EFDD2 /* Debug */ = {
			isa = XCBuildConfiguration;
			buildSettings = {
				ASSETCATALOG_COMPILER_APPICON_NAME = AppIcon;
				INFOPLIST_FILE = TwoPlayerMath/Info.plist;
				LD_RUNPATH_SEARCH_PATHS = "$(inherited) @executable_path/Frameworks";
				PRODUCT_BUNDLE_IDENTIFIER = sofiaknezevic.TwoPlayerMath;
				PRODUCT_NAME = "$(TARGET_NAME)";
			};
			name = Debug;
		};
		5DAEB6B21E526F6D004EFDD2 /* Release */ = {
			isa = XCBuildConfiguration;
			buildSettings = {
				ASSETCATALOG_COMPILER_APPICON_NAME = AppIcon;
				INFOPLIST_FILE = TwoPlayerMath/Info.plist;
				LD_RUNPATH_SEARCH_PATHS = "$(inherited) @executable_path/Frameworks";
				PRODUCT_BUNDLE_IDENTIFIER = sofiaknezevic.TwoPlayerMath;
				PRODUCT_NAME = "$(TARGET_NAME)";
			};
			name = Release;
		};
/* End XCBuildConfiguration section */

/* Begin XCConfigurationList section */
		5DAEB6941E526F6D004EFDD2 /* Build configuration list for PBXProject "TwoPlayerMath" */ = {
			isa = XCConfigurationList;
			buildConfigurations = (
				5DAEB6AE1E526F6D004EFDD2 /* Debug */,
				5DAEB6AF1E526F6D004EFDD2 /* Release */,
			);
			defaultConfigurationIsVisible = 0;
			defaultConfigurationName = Release;
		};
		5DAEB6B01E526F6D004EFDD2 /* Build configuration list for PBXNativeTarget "TwoPlayerMath" */ = {
			isa = XCConfigurationList;
			buildConfigurations = (
				5DAEB6B11E526F6D004EFDD2 /* Debug */,
				5DAEB6B21E526F6D004EFDD2 /* Release */,
			);
			defaultConfigurationIsVisible = 0;
			defaultConfigurationName = Release;
		};
/* End XCConfigurationList section */
	};
	rootObject = 5DAEB6911E526F6D004EFDD2 /* Project object */;
}
